
Microsoft Visual Studio Solution File, Format Version 12.00
Project("{2150E333-8FDC-42A3-9474-1A3956D46DE8}") = "Catalog", "Catalog", "{A26E8D7E-7A1B-4925-A202-E36617C9195C}"
EndProject
Project("{2150E333-8FDC-42A3-9474-1A3956D46DE8}") = "Basket", "Basket", "{E333C2E2-0679-4CF3-8E11-6B388DEE7DFD}"
EndProject
Project("{2150E333-8FDC-42A3-9474-1A3956D46DE8}") = "Discount", "Discount", "{00D2AD3F-3BB0-4EEB-A0C6-0E0B0737DCEF}"
EndProject
Project("{FAE04EC0-301F-11D3-BF4B-00C04F79EFBC}") = "Catalog.API", "src\Catalog\Catalog.API\Catalog.API.csproj", "{D34E6077-740B-4667-B997-7B1CB0D958D7}"
EndProject
Project("{FAE04EC0-301F-11D3-BF4B-00C04F79EFBC}") = "Discount.Grpc", "src\Discount\Discount.Grpc\Discount.Grpc.csproj", "{EF239D3B-736C-4FE8-97DC-DD04F6D2FDDD}"
EndProject
Project("{FAE04EC0-301F-11D3-BF4B-00C04F79EFBC}") = "Basket.API", "src\Basket\Basket.API\Basket.API.csproj", "{EBA26325-4656-469F-8486-BE05174C0F00}"
EndProject
Project("{2150E333-8FDC-42A3-9474-1A3956D46DE8}") = "src", "src", "{555449DC-1C8B-4894-8B25-CF406E12FF8F}"
EndProject
Project("{2150E333-8FDC-42A3-9474-1A3956D46DE8}") = "build", "build", "{8291C98A-66A9-4DEE-8F4B-98EDDA1DBCC3}"
	ProjectSection(SolutionItems) = preProject
		build\docker-compose.yaml = build\docker-compose.yaml
	EndProjectSection
EndProject
Project("{2150E333-8FDC-42A3-9474-1A3956D46DE8}") = "Checkout", "Checkout", "{DF28637C-026D-4E5F-A977-1C1AE2CB0267}"
EndProject
Project("{FAE04EC0-301F-11D3-BF4B-00C04F79EFBC}") = "Checkout.API", "src\Checkout\Checkout.API\Checkout.API.csproj", "{35A672BC-3563-4E00-96DD-3FA44CB79B8C}"
EndProject
Project("{FAE04EC0-301F-11D3-BF4B-00C04F79EFBC}") = "Basket.Contracts", "src\Basket\Basket.Contracts\Basket.Contracts.csproj", "{0D89C2E3-7220-4689-9D9C-8594415F58EE}"
EndProject
Project("{FAE04EC0-301F-11D3-BF4B-00C04F79EFBC}") = "Discount.API", "src\Discount\Discount.API\Discount.API.csproj", "{FF84B061-9C42-498B-9EC1-D6AB1ADAAB4F}"
EndProject
Project("{FAE04EC0-301F-11D3-BF4B-00C04F79EFBC}") = "Discount.Application", "src\Discount\Discount.Application\Discount.Application.csproj", "{2C96231C-FBB2-4FCA-BA6F-EE8BECC1C9D3}"
EndProject
Project("{FAE04EC0-301F-11D3-BF4B-00C04F79EFBC}") = "Discount.Infra", "src\Discount\Discount.Infra\Discount.Infra.csproj", "{AFC9C945-DF03-41E4-A422-B4BAF9F6CF78}"
EndProject
Project("{2150E333-8FDC-42A3-9474-1A3956D46DE8}") = "Ordering", "Ordering", "{557AD37D-BE12-45F4-81F4-02581A838B9C}"
EndProject
Project("{FAE04EC0-301F-11D3-BF4B-00C04F79EFBC}") = "Ordering.API", "src\Ordering\Ordering.API\Ordering.API.csproj", "{BBFFFCDD-121B-4415-81D9-220A64890CC6}"
EndProject
Project("{FAE04EC0-301F-11D3-BF4B-00C04F79EFBC}") = "Ordering.Contracts", "src\Ordering\Ordering.Contracts\Ordering.Contracts.csproj", "{15E76E68-0B95-49F3-94F3-764DC596EEBD}"
EndProject
Global
	GlobalSection(SolutionConfigurationPlatforms) = preSolution
		Debug|Any CPU = Debug|Any CPU
		Release|Any CPU = Release|Any CPU
	EndGlobalSection
	GlobalSection(NestedProjects) = preSolution
		{D34E6077-740B-4667-B997-7B1CB0D958D7} = {A26E8D7E-7A1B-4925-A202-E36617C9195C}
		{EF239D3B-736C-4FE8-97DC-DD04F6D2FDDD} = {00D2AD3F-3BB0-4EEB-A0C6-0E0B0737DCEF}
		{EBA26325-4656-469F-8486-BE05174C0F00} = {E333C2E2-0679-4CF3-8E11-6B388DEE7DFD}
		{E333C2E2-0679-4CF3-8E11-6B388DEE7DFD} = {555449DC-1C8B-4894-8B25-CF406E12FF8F}
		{A26E8D7E-7A1B-4925-A202-E36617C9195C} = {555449DC-1C8B-4894-8B25-CF406E12FF8F}
		{00D2AD3F-3BB0-4EEB-A0C6-0E0B0737DCEF} = {555449DC-1C8B-4894-8B25-CF406E12FF8F}
		{DF28637C-026D-4E5F-A977-1C1AE2CB0267} = {555449DC-1C8B-4894-8B25-CF406E12FF8F}
		{35A672BC-3563-4E00-96DD-3FA44CB79B8C} = {DF28637C-026D-4E5F-A977-1C1AE2CB0267}
		{0D89C2E3-7220-4689-9D9C-8594415F58EE} = {E333C2E2-0679-4CF3-8E11-6B388DEE7DFD}
		{FF84B061-9C42-498B-9EC1-D6AB1ADAAB4F} = {00D2AD3F-3BB0-4EEB-A0C6-0E0B0737DCEF}
		{2C96231C-FBB2-4FCA-BA6F-EE8BECC1C9D3} = {00D2AD3F-3BB0-4EEB-A0C6-0E0B0737DCEF}
		{AFC9C945-DF03-41E4-A422-B4BAF9F6CF78} = {00D2AD3F-3BB0-4EEB-A0C6-0E0B0737DCEF}
		{557AD37D-BE12-45F4-81F4-02581A838B9C} = {555449DC-1C8B-4894-8B25-CF406E12FF8F}
		{BBFFFCDD-121B-4415-81D9-220A64890CC6} = {557AD37D-BE12-45F4-81F4-02581A838B9C}
		{15E76E68-0B95-49F3-94F3-764DC596EEBD} = {557AD37D-BE12-45F4-81F4-02581A838B9C}
	EndGlobalSection
	GlobalSection(ProjectConfigurationPlatforms) = postSolution
		{D34E6077-740B-4667-B997-7B1CB0D958D7}.Debug|Any CPU.ActiveCfg = Debug|Any CPU
		{D34E6077-740B-4667-B997-7B1CB0D958D7}.Debug|Any CPU.Build.0 = Debug|Any CPU
		{D34E6077-740B-4667-B997-7B1CB0D958D7}.Release|Any CPU.ActiveCfg = Release|Any CPU
		{D34E6077-740B-4667-B997-7B1CB0D958D7}.Release|Any CPU.Build.0 = Release|Any CPU
		{EF239D3B-736C-4FE8-97DC-DD04F6D2FDDD}.Debug|Any CPU.ActiveCfg = Debug|Any CPU
		{EF239D3B-736C-4FE8-97DC-DD04F6D2FDDD}.Debug|Any CPU.Build.0 = Debug|Any CPU
		{EF239D3B-736C-4FE8-97DC-DD04F6D2FDDD}.Release|Any CPU.ActiveCfg = Release|Any CPU
		{EF239D3B-736C-4FE8-97DC-DD04F6D2FDDD}.Release|Any CPU.Build.0 = Release|Any CPU
		{EBA26325-4656-469F-8486-BE05174C0F00}.Debug|Any CPU.ActiveCfg = Debug|Any CPU
		{EBA26325-4656-469F-8486-BE05174C0F00}.Debug|Any CPU.Build.0 = Debug|Any CPU
		{EBA26325-4656-469F-8486-BE05174C0F00}.Release|Any CPU.ActiveCfg = Release|Any CPU
		{EBA26325-4656-469F-8486-BE05174C0F00}.Release|Any CPU.Build.0 = Release|Any CPU
		{35A672BC-3563-4E00-96DD-3FA44CB79B8C}.Debug|Any CPU.ActiveCfg = Debug|Any CPU
		{35A672BC-3563-4E00-96DD-3FA44CB79B8C}.Debug|Any CPU.Build.0 = Debug|Any CPU
		{35A672BC-3563-4E00-96DD-3FA44CB79B8C}.Release|Any CPU.ActiveCfg = Release|Any CPU
		{35A672BC-3563-4E00-96DD-3FA44CB79B8C}.Release|Any CPU.Build.0 = Release|Any CPU
		{0D89C2E3-7220-4689-9D9C-8594415F58EE}.Debug|Any CPU.ActiveCfg = Debug|Any CPU
		{0D89C2E3-7220-4689-9D9C-8594415F58EE}.Debug|Any CPU.Build.0 = Debug|Any CPU
		{0D89C2E3-7220-4689-9D9C-8594415F58EE}.Release|Any CPU.ActiveCfg = Release|Any CPU
		{0D89C2E3-7220-4689-9D9C-8594415F58EE}.Release|Any CPU.Build.0 = Release|Any CPU
		{FF84B061-9C42-498B-9EC1-D6AB1ADAAB4F}.Debug|Any CPU.ActiveCfg = Debug|Any CPU
		{FF84B061-9C42-498B-9EC1-D6AB1ADAAB4F}.Debug|Any CPU.Build.0 = Debug|Any CPU
		{FF84B061-9C42-498B-9EC1-D6AB1ADAAB4F}.Release|Any CPU.ActiveCfg = Release|Any CPU
		{FF84B061-9C42-498B-9EC1-D6AB1ADAAB4F}.Release|Any CPU.Build.0 = Release|Any CPU
		{2C96231C-FBB2-4FCA-BA6F-EE8BECC1C9D3}.Debug|Any CPU.ActiveCfg = Debug|Any CPU
		{2C96231C-FBB2-4FCA-BA6F-EE8BECC1C9D3}.Debug|Any CPU.Build.0 = Debug|Any CPU
		{2C96231C-FBB2-4FCA-BA6F-EE8BECC1C9D3}.Release|Any CPU.ActiveCfg = Release|Any CPU
		{2C96231C-FBB2-4FCA-BA6F-EE8BECC1C9D3}.Release|Any CPU.Build.0 = Release|Any CPU
		{AFC9C945-DF03-41E4-A422-B4BAF9F6CF78}.Debug|Any CPU.ActiveCfg = Debug|Any CPU
		{AFC9C945-DF03-41E4-A422-B4BAF9F6CF78}.Debug|Any CPU.Build.0 = Debug|Any CPU
		{AFC9C945-DF03-41E4-A422-B4BAF9F6CF78}.Release|Any CPU.ActiveCfg = Release|Any CPU
		{AFC9C945-DF03-41E4-A422-B4BAF9F6CF78}.Release|Any CPU.Build.0 = Release|Any CPU
		{BBFFFCDD-121B-4415-81D9-220A64890CC6}.Debug|Any CPU.ActiveCfg = Debug|Any CPU
		{BBFFFCDD-121B-4415-81D9-220A64890CC6}.Debug|Any CPU.Build.0 = Debug|Any CPU
		{BBFFFCDD-121B-4415-81D9-220A64890CC6}.Release|Any CPU.ActiveCfg = Release|Any CPU
		{BBFFFCDD-121B-4415-81D9-220A64890CC6}.Release|Any CPU.Build.0 = Release|Any CPU
		{15E76E68-0B95-49F3-94F3-764DC596EEBD}.Debug|Any CPU.ActiveCfg = Debug|Any CPU
		{15E76E68-0B95-49F3-94F3-764DC596EEBD}.Debug|Any CPU.Build.0 = Debug|Any CPU
		{15E76E68-0B95-49F3-94F3-764DC596EEBD}.Release|Any CPU.ActiveCfg = Release|Any CPU
		{15E76E68-0B95-49F3-94F3-764DC596EEBD}.Release|Any CPU.Build.0 = Release|Any CPU
	EndGlobalSection
EndGlobal
